
Microsoft Visual Studio Solution File, Format Version 12.00
# Visual Studio 2013
VisualStudioVersion = 12.0.21005.1
MinimumVisualStudioVersion = 10.0.40219.1
Project("{FAE04EC0-301F-11D3-BF4B-00C04F79EFBC}") = "Dune", "Dune\Dune.csproj", "{0A555951-56CB-486F-8413-91E27D27AF4A}"
EndProject
Project("{FAE04EC0-301F-11D3-BF4B-00C04F79EFBC}") = "API-XML-Documentation", "..\Documentation\Code Reference\API-XML-Documentation\API-XML-Documentation\API-XML-Documentation.csproj", "{7E692F4A-AFCB-4814-BDAE-533B942FB6DF}"
EndProject
Global
	GlobalSection(SolutionConfigurationPlatforms) = preSolution
		Debug|Any CPU = Debug|Any CPU
		Release|Any CPU = Release|Any CPU
	EndGlobalSection
	GlobalSection(ProjectConfigurationPlatforms) = postSolution
		{0A555951-56CB-486F-8413-91E27D27AF4A}.Debug|Any CPU.ActiveCfg = Debug|Any CPU
		{0A555951-56CB-486F-8413-91E27D27AF4A}.Debug|Any CPU.Build.0 = Debug|Any CPU
		{0A555951-56CB-486F-8413-91E27D27AF4A}.Release|Any CPU.ActiveCfg = Release|Any CPU
		{0A555951-56CB-486F-8413-91E27D27AF4A}.Release|Any CPU.Build.0 = Release|Any CPU
		{7E692F4A-AFCB-4814-BDAE-533B942FB6DF}.Debug|Any CPU.ActiveCfg = Debug|Any CPU
		{7E692F4A-AFCB-4814-BDAE-533B942FB6DF}.Debug|Any CPU.Build.0 = Debug|Any CPU
		{7E692F4A-AFCB-4814-BDAE-533B942FB6DF}.Release|Any CPU.ActiveCfg = Release|Any CPU
		{7E692F4A-AFCB-4814-BDAE-533B942FB6DF}.Release|Any CPU.Build.0 = Release|Any CPU
	EndGlobalSection
	GlobalSection(SolutionProperties) = preSolution
		HideSolutionNode = FALSE
	EndGlobalSection
EndGlobal
